
Microsoft Visual Studio Solution File, Format Version 11.00
# Visual Studio 2010
Project("{2150E333-8FDC-42A3-9474-1A3956D46DE8}") = "Solution Items", "Solution Items", "{4EFEAE8B-EA3E-4E48-BEA3-863A8437D22F}"
	ProjectSection(SolutionItems) = preProject
		..\RakeFile = ..\RakeFile
	EndProjectSection
EndProject
Project("{FAE04EC0-301F-11D3-BF4B-00C04F79EFBC}") = "StoryTeller", "StoryTeller\StoryTeller.csproj", "{96C1F8D5-FB46-4F3E-8CB7-A53A919BB424}"
EndProject
Project("{FAE04EC0-301F-11D3-BF4B-00C04F79EFBC}") = "StoryTeller.Testing", "StoryTeller.Testing\StoryTeller.Testing.csproj", "{CE6A3137-87EC-4BE2-A39A-518CBC9F2690}"
EndProject
Project("{FAE04EC0-301F-11D3-BF4B-00C04F79EFBC}") = "StoryTeller.UserInterface", "StoryTeller.UserInterface\StoryTeller.UserInterface.csproj", "{32304F08-A7DD-4788-B606-C19350B59417}"
EndProject
Project("{FAE04EC0-301F-11D3-BF4B-00C04F79EFBC}") = "StoryTeller.Samples", "StoryTeller.Samples\StoryTeller.Samples.csproj", "{104DFFDD-2229-4F23-AE66-D8BC4AF622AB}"
EndProject
Project("{FAE04EC0-301F-11D3-BF4B-00C04F79EFBC}") = "StoryTellerUI", "StoryTellerUI\StoryTellerUI.csproj", "{5DF9F600-C04B-4FFB-8438-BDB24E6E096D}"
EndProject
Project("{FAE04EC0-301F-11D3-BF4B-00C04F79EFBC}") = "StoryTellerRunner", "StoryTellerRunner\StoryTellerRunner.csproj", "{34238910-0826-44D1-B2C3-DC990230A1A3}"
EndProject
Project("{FAE04EC0-301F-11D3-BF4B-00C04F79EFBC}") = "StoryTeller.AcceptanceTesting", "StoryTeller.AcceptanceTesting\StoryTeller.AcceptanceTesting.csproj", "{F750C0C0-EC9A-4690-831F-CC5FDB4A28E5}"
EndProject
Project("{FAE04EC0-301F-11D3-BF4B-00C04F79EFBC}") = "StoryTeller.Gallery", "StoryTeller.Gallery\StoryTeller.Gallery.csproj", "{CAE54634-A689-4CF2-979E-CCBCCA8A3644}"
EndProject
Project("{FAE04EC0-301F-11D3-BF4B-00C04F79EFBC}") = "Examples", "Examples\Examples.csproj", "{B52EADC1-DDD4-452C-83ED-4A148302D424}"
EndProject
Global
	GlobalSection(SolutionConfigurationPlatforms) = preSolution
		Debug|Any CPU = Debug|Any CPU
		Release|Any CPU = Release|Any CPU
	EndGlobalSection
	GlobalSection(ProjectConfigurationPlatforms) = postSolution
		{96C1F8D5-FB46-4F3E-8CB7-A53A919BB424}.Debug|Any CPU.ActiveCfg = Debug|Any CPU
		{96C1F8D5-FB46-4F3E-8CB7-A53A919BB424}.Debug|Any CPU.Build.0 = Debug|Any CPU
		{96C1F8D5-FB46-4F3E-8CB7-A53A919BB424}.Release|Any CPU.ActiveCfg = Release|Any CPU
		{96C1F8D5-FB46-4F3E-8CB7-A53A919BB424}.Release|Any CPU.Build.0 = Release|Any CPU
		{CE6A3137-87EC-4BE2-A39A-518CBC9F2690}.Debug|Any CPU.ActiveCfg = Debug|Any CPU
		{CE6A3137-87EC-4BE2-A39A-518CBC9F2690}.Debug|Any CPU.Build.0 = Debug|Any CPU
		{CE6A3137-87EC-4BE2-A39A-518CBC9F2690}.Release|Any CPU.ActiveCfg = Release|Any CPU
		{CE6A3137-87EC-4BE2-A39A-518CBC9F2690}.Release|Any CPU.Build.0 = Release|Any CPU
		{32304F08-A7DD-4788-B606-C19350B59417}.Debug|Any CPU.ActiveCfg = Debug|Any CPU
		{32304F08-A7DD-4788-B606-C19350B59417}.Debug|Any CPU.Build.0 = Debug|Any CPU
		{32304F08-A7DD-4788-B606-C19350B59417}.Release|Any CPU.ActiveCfg = Release|Any CPU
		{32304F08-A7DD-4788-B606-C19350B59417}.Release|Any CPU.Build.0 = Release|Any CPU
		{104DFFDD-2229-4F23-AE66-D8BC4AF622AB}.Debug|Any CPU.ActiveCfg = Debug|Any CPU
		{104DFFDD-2229-4F23-AE66-D8BC4AF622AB}.Debug|Any CPU.Build.0 = Debug|Any CPU
		{104DFFDD-2229-4F23-AE66-D8BC4AF622AB}.Release|Any CPU.ActiveCfg = Release|Any CPU
		{104DFFDD-2229-4F23-AE66-D8BC4AF622AB}.Release|Any CPU.Build.0 = Release|Any CPU
		{5DF9F600-C04B-4FFB-8438-BDB24E6E096D}.Debug|Any CPU.ActiveCfg = Debug|Any CPU
		{5DF9F600-C04B-4FFB-8438-BDB24E6E096D}.Debug|Any CPU.Build.0 = Debug|Any CPU
		{5DF9F600-C04B-4FFB-8438-BDB24E6E096D}.Release|Any CPU.ActiveCfg = Release|Any CPU
		{5DF9F600-C04B-4FFB-8438-BDB24E6E096D}.Release|Any CPU.Build.0 = Release|Any CPU
		{34238910-0826-44D1-B2C3-DC990230A1A3}.Debug|Any CPU.ActiveCfg = Debug|Any CPU
		{34238910-0826-44D1-B2C3-DC990230A1A3}.Debug|Any CPU.Build.0 = Debug|Any CPU
		{34238910-0826-44D1-B2C3-DC990230A1A3}.Release|Any CPU.ActiveCfg = Release|Any CPU
		{34238910-0826-44D1-B2C3-DC990230A1A3}.Release|Any CPU.Build.0 = Release|Any CPU
		{F750C0C0-EC9A-4690-831F-CC5FDB4A28E5}.Debug|Any CPU.ActiveCfg = Debug|Any CPU
		{F750C0C0-EC9A-4690-831F-CC5FDB4A28E5}.Debug|Any CPU.Build.0 = Debug|Any CPU
		{F750C0C0-EC9A-4690-831F-CC5FDB4A28E5}.Release|Any CPU.ActiveCfg = Release|Any CPU
		{F750C0C0-EC9A-4690-831F-CC5FDB4A28E5}.Release|Any CPU.Build.0 = Release|Any CPU
		{CAE54634-A689-4CF2-979E-CCBCCA8A3644}.Debug|Any CPU.ActiveCfg = Debug|Any CPU
		{CAE54634-A689-4CF2-979E-CCBCCA8A3644}.Debug|Any CPU.Build.0 = Debug|Any CPU
		{CAE54634-A689-4CF2-979E-CCBCCA8A3644}.Release|Any CPU.ActiveCfg = Release|Any CPU
		{CAE54634-A689-4CF2-979E-CCBCCA8A3644}.Release|Any CPU.Build.0 = Release|Any CPU
		{B52EADC1-DDD4-452C-83ED-4A148302D424}.Debug|Any CPU.ActiveCfg = Debug|Any CPU
		{B52EADC1-DDD4-452C-83ED-4A148302D424}.Debug|Any CPU.Build.0 = Debug|Any CPU
		{B52EADC1-DDD4-452C-83ED-4A148302D424}.Release|Any CPU.ActiveCfg = Release|Any CPU
		{B52EADC1-DDD4-452C-83ED-4A148302D424}.Release|Any CPU.Build.0 = Release|Any CPU
	EndGlobalSection
	GlobalSection(SolutionProperties) = preSolution
		HideSolutionNode = FALSE
	EndGlobalSection
EndGlobal
